
Microsoft Visual Studio Solution File, Format Version 12.00
# Visual Studio Version 17
VisualStudioVersion = 17.9.34607.119
MinimumVisualStudioVersion = 10.0.40219.1
Project("{F184B08F-C81C-45F6-A57F-5ABD9991F28F}") = "Wheel4Rent-CaseStudy", "Wheel4Rent-CaseStudy\Wheel4Rent-CaseStudy.vbproj", "{EE40C412-82C6-4807-B0B5-C223095CF372}"
EndProject
Global
	GlobalSection(SolutionConfigurationPlatforms) = preSolution
		Debug|Any CPU = Debug|Any CPU
		Release|Any CPU = Release|Any CPU
	EndGlobalSection
	GlobalSection(ProjectConfigurationPlatforms) = postSolution
		{EE40C412-82C6-4807-B0B5-C223095CF372}.Debug|Any CPU.ActiveCfg = Debug|Any CPU
		{EE40C412-82C6-4807-B0B5-C223095CF372}.Debug|Any CPU.Build.0 = Debug|Any CPU
		{EE40C412-82C6-4807-B0B5-C223095CF372}.Release|Any CPU.ActiveCfg = Release|Any CPU
		{EE40C412-82C6-4807-B0B5-C223095CF372}.Release|Any CPU.Build.0 = Release|Any CPU
	EndGlobalSection
	GlobalSection(SolutionProperties) = preSolution
		HideSolutionNode = FALSE
	EndGlobalSection
	GlobalSection(ExtensibilityGlobals) = postSolution
		SolutionGuid = {AE4111AA-F005-4E2F-A5B9-9D24D485F351}
	EndGlobalSection
EndGlobal
